Microsoft Visual Studio Solution File, Format Version 8.00
Project("{8BC9CEB8-8B4A-11D0-8D11-00A0C91BC942}") = "WinHTTrack", "WinHTTrack.vcproj", "{4707CDEB-E576-4664-98A8-94D99BA190B8}"
	ProjectSection(ProjectDependencies) = postProject
		{2F353408-2C6C-4D31-9AC0-08BDC064DF64} = {2F353408-2C6C-4D31-9AC0-08BDC064DF64}
		{A8989022-60C3-4B84-8768-8967DC4DE06E} = {A8989022-60C3-4B84-8768-8967DC4DE06E}
		{E76AD871-54C1-45E8-A657-6117ADEFFB46} = {E76AD871-54C1-45E8-A657-6117ADEFFB46}
	EndProjectSection
EndProject
Project("{8BC9CEB8-8B4A-11D0-8D11-00A0C91BC942}") = "libhttrack", "..\libhttrack\libhttrack.vcproj", "{E76AD871-54C1-45E8-A657-6117ADEFFB46}"
	ProjectSection(ProjectDependencies) = postProject
		{4BA8B7A2-D4AD-444A-8695-273FB7D500D1} = {4BA8B7A2-D4AD-444A-8695-273FB7D500D1}
	EndProjectSection
EndProject
Project("{8BC9CEB8-8B4A-11D0-8D11-00A0C91BC942}") = "httrack", "..\httrack.vcproj", "{D0E894E7-F64C-4722-9807-9ABB1054D43A}"
	ProjectSection(ProjectDependencies) = postProject
		{E76AD871-54C1-45E8-A657-6117ADEFFB46} = {E76AD871-54C1-45E8-A657-6117ADEFFB46}
	EndProjectSection
EndProject
Project("{8BC9CEB8-8B4A-11D0-8D11-00A0C91BC942}") = "webhttrack", "..\webhttrack\webhttrack.vcproj", "{B2A68D1B-3EB3-4B16-B634-8D36AC4266EC}"
	ProjectSection(ProjectDependencies) = postProject
		{E76AD871-54C1-45E8-A657-6117ADEFFB46} = {E76AD871-54C1-45E8-A657-6117ADEFFB46}
	EndProjectSection
EndProject
Project("{8BC9CEB8-8B4A-11D0-8D11-00A0C91BC942}") = "htsswf", "..\htsswf\htsswf.vcproj", "{A8989022-60C3-4B84-8768-8967DC4DE06E}"
	ProjectSection(ProjectDependencies) = postProject
		{E76AD871-54C1-45E8-A657-6117ADEFFB46} = {E76AD871-54C1-45E8-A657-6117ADEFFB46}
	EndProjectSection
EndProject
Project("{8BC9CEB8-8B4A-11D0-8D11-00A0C91BC942}") = "WinHTTrackIEBar", "..\WinHTTrackIEBar\WinHTTrackIEBar.vcproj", "{B978BD69-4DF2-4CBB-8843-213EC20538EF}"
	ProjectSection(ProjectDependencies) = postProject
	EndProjectSection
EndProject
Project("{8BC9CEB8-8B4A-11D0-8D11-00A0C91BC942}") = "proxytrack", "..\proxytrack\proxytrack.vcproj", "{4C31F79A-9DAB-44CE-88D6-0FF961599AAB}"
	ProjectSection(ProjectDependencies) = postProject
	EndProjectSection
EndProject
Project("{8BC9CEB8-8B4A-11D0-8D11-00A0C91BC942}") = "libtest", "..\libtest\libtest.vcproj", "{76424734-BC12-4472-ABE2-B5C7A4A0B733}"
	ProjectSection(ProjectDependencies) = postProject
		{E76AD871-54C1-45E8-A657-6117ADEFFB46} = {E76AD871-54C1-45E8-A657-6117ADEFFB46}
	EndProjectSection
EndProject
Project("{8BC9CEB8-8B4A-11D0-8D11-00A0C91BC942}") = "htsjava", "..\htsjava\htsjava.vcproj", "{2F353408-2C6C-4D31-9AC0-08BDC064DF64}"
	ProjectSection(ProjectDependencies) = postProject
		{E76AD871-54C1-45E8-A657-6117ADEFFB46} = {E76AD871-54C1-45E8-A657-6117ADEFFB46}
	EndProjectSection
EndProject
Project("{8BC9CEB8-8B4A-11D0-8D11-00A0C91BC942}") = "zlib", "..\zlib-1.2.3\projects\visualc6\zlib.vcproj", "{4BA8B7A2-D4AD-444A-8695-273FB7D500D1}"
	ProjectSection(ProjectDependencies) = postProject
	EndProjectSection
EndProject
Global
	GlobalSection(SolutionConfiguration) = preSolution
		Debug = Debug
		DLL ASM Debug = DLL ASM Debug
		DLL ASM Release = DLL ASM Release
		DLL Debug = DLL Debug
		DLL Release = DLL Release
		LIB ASM Debug = LIB ASM Debug
		LIB ASM Release = LIB ASM Release
		LIB Debug = LIB Debug
		LIB Release = LIB Release
		Release = Release
	EndGlobalSection
	GlobalSection(ProjectConfiguration) = postSolution
		{4707CDEB-E576-4664-98A8-94D99BA190B8}.Debug.ActiveCfg = Debug|Win32
		{4707CDEB-E576-4664-98A8-94D99BA190B8}.Debug.Build.0 = Debug|Win32
		{4707CDEB-E576-4664-98A8-94D99BA190B8}.DLL ASM Debug.ActiveCfg = Debug|Win32
		{4707CDEB-E576-4664-98A8-94D99BA190B8}.DLL ASM Debug.Build.0 = Debug|Win32
		{4707CDEB-E576-4664-98A8-94D99BA190B8}.DLL ASM Release.ActiveCfg = Release|Win32
		{4707CDEB-E576-4664-98A8-94D99BA190B8}.DLL ASM Release.Build.0 = Release|Win32
		{4707CDEB-E576-4664-98A8-94D99BA190B8}.DLL Debug.ActiveCfg = Debug|Win32
		{4707CDEB-E576-4664-98A8-94D99BA190B8}.DLL Debug.Build.0 = Debug|Win32
		{4707CDEB-E576-4664-98A8-94D99BA190B8}.DLL Release.ActiveCfg = Release|Win32
		{4707CDEB-E576-4664-98A8-94D99BA190B8}.DLL Release.Build.0 = Release|Win32
		{4707CDEB-E576-4664-98A8-94D99BA190B8}.LIB ASM Debug.ActiveCfg = Debug|Win32
		{4707CDEB-E576-4664-98A8-94D99BA190B8}.LIB ASM Debug.Build.0 = Debug|Win32
		{4707CDEB-E576-4664-98A8-94D99BA190B8}.LIB ASM Release.ActiveCfg = Release|Win32
		{4707CDEB-E576-4664-98A8-94D99BA190B8}.LIB ASM Release.Build.0 = Release|Win32
		{4707CDEB-E576-4664-98A8-94D99BA190B8}.LIB Debug.ActiveCfg = Debug|Win32
		{4707CDEB-E576-4664-98A8-94D99BA190B8}.LIB Debug.Build.0 = Debug|Win32
		{4707CDEB-E576-4664-98A8-94D99BA190B8}.LIB Release.ActiveCfg = Release|Win32
		{4707CDEB-E576-4664-98A8-94D99BA190B8}.LIB Release.Build.0 = Release|Win32
		{4707CDEB-E576-4664-98A8-94D99BA190B8}.Release.ActiveCfg = Release|Win32
		{4707CDEB-E576-4664-98A8-94D99BA190B8}.Release.Build.0 = Release|Win32
		{E76AD871-54C1-45E8-A657-6117ADEFFB46}.Debug.ActiveCfg = Debug|Win32
		{E76AD871-54C1-45E8-A657-6117ADEFFB46}.Debug.Build.0 = Debug|Win32
		{E76AD871-54C1-45E8-A657-6117ADEFFB46}.DLL ASM Debug.ActiveCfg = Debug|Win32
		{E76AD871-54C1-45E8-A657-6117ADEFFB46}.DLL ASM Debug.Build.0 = Debug|Win32
		{E76AD871-54C1-45E8-A657-6117ADEFFB46}.DLL ASM Release.ActiveCfg = Release|Win32
		{E76AD871-54C1-45E8-A657-6117ADEFFB46}.DLL ASM Release.Build.0 = Release|Win32
		{E76AD871-54C1-45E8-A657-6117ADEFFB46}.DLL Debug.ActiveCfg = Debug|Win32
		{E76AD871-54C1-45E8-A657-6117ADEFFB46}.DLL Debug.Build.0 = Debug|Win32
		{E76AD871-54C1-45E8-A657-6117ADEFFB46}.DLL Release.ActiveCfg = Release|Win32
		{E76AD871-54C1-45E8-A657-6117ADEFFB46}.DLL Release.Build.0 = Release|Win32
		{E76AD871-54C1-45E8-A657-6117ADEFFB46}.LIB ASM Debug.ActiveCfg = Debug|Win32
		{E76AD871-54C1-45E8-A657-6117ADEFFB46}.LIB ASM Debug.Build.0 = Debug|Win32
		{E76AD871-54C1-45E8-A657-6117ADEFFB46}.LIB ASM Release.ActiveCfg = Release|Win32
		{E76AD871-54C1-45E8-A657-6117ADEFFB46}.LIB ASM Release.Build.0 = Release|Win32
		{E76AD871-54C1-45E8-A657-6117ADEFFB46}.LIB Debug.ActiveCfg = Debug|Win32
		{E76AD871-54C1-45E8-A657-6117ADEFFB46}.LIB Debug.Build.0 = Debug|Win32
		{E76AD871-54C1-45E8-A657-6117ADEFFB46}.LIB Release.ActiveCfg = Release|Win32
		{E76AD871-54C1-45E8-A657-6117ADEFFB46}.LIB Release.Build.0 = Release|Win32
		{E76AD871-54C1-45E8-A657-6117ADEFFB46}.Release.ActiveCfg = Release|Win32
		{E76AD871-54C1-45E8-A657-6117ADEFFB46}.Release.Build.0 = Release|Win32
		{D0E894E7-F64C-4722-9807-9ABB1054D43A}.Debug.ActiveCfg = Debug|Win32
		{D0E894E7-F64C-4722-9807-9ABB1054D43A}.Debug.Build.0 = Debug|Win32
		{D0E894E7-F64C-4722-9807-9ABB1054D43A}.DLL ASM Debug.ActiveCfg = Debug|Win32
		{D0E894E7-F64C-4722-9807-9ABB1054D43A}.DLL ASM Debug.Build.0 = Debug|Win32
		{D0E894E7-F64C-4722-9807-9ABB1054D43A}.DLL ASM Release.ActiveCfg = Release|Win32
		{D0E894E7-F64C-4722-9807-9ABB1054D43A}.DLL ASM Release.Build.0 = Release|Win32
		{D0E894E7-F64C-4722-9807-9ABB1054D43A}.DLL Debug.ActiveCfg = Debug|Win32
		{D0E894E7-F64C-4722-9807-9ABB1054D43A}.DLL Debug.Build.0 = Debug|Win32
		{D0E894E7-F64C-4722-9807-9ABB1054D43A}.DLL Release.ActiveCfg = Release|Win32
		{D0E894E7-F64C-4722-9807-9ABB1054D43A}.DLL Release.Build.0 = Release|Win32
		{D0E894E7-F64C-4722-9807-9ABB1054D43A}.LIB ASM Debug.ActiveCfg = Debug|Win32
		{D0E894E7-F64C-4722-9807-9ABB1054D43A}.LIB ASM Debug.Build.0 = Debug|Win32
		{D0E894E7-F64C-4722-9807-9ABB1054D43A}.LIB ASM Release.ActiveCfg = Release|Win32
		{D0E894E7-F64C-4722-9807-9ABB1054D43A}.LIB ASM Release.Build.0 = Release|Win32
		{D0E894E7-F64C-4722-9807-9ABB1054D43A}.LIB Debug.ActiveCfg = Debug|Win32
		{D0E894E7-F64C-4722-9807-9ABB1054D43A}.LIB Debug.Build.0 = Debug|Win32
		{D0E894E7-F64C-4722-9807-9ABB1054D43A}.LIB Release.ActiveCfg = Release|Win32
		{D0E894E7-F64C-4722-9807-9ABB1054D43A}.LIB Release.Build.0 = Release|Win32
		{D0E894E7-F64C-4722-9807-9ABB1054D43A}.Release.ActiveCfg = Release|Win32
		{D0E894E7-F64C-4722-9807-9ABB1054D43A}.Release.Build.0 = Release|Win32
		{B2A68D1B-3EB3-4B16-B634-8D36AC4266EC}.Debug.ActiveCfg = Debug|Win32
		{B2A68D1B-3EB3-4B16-B634-8D36AC4266EC}.Debug.Build.0 = Debug|Win32
		{B2A68D1B-3EB3-4B16-B634-8D36AC4266EC}.DLL ASM Debug.ActiveCfg = Debug|Win32
		{B2A68D1B-3EB3-4B16-B634-8D36AC4266EC}.DLL ASM Debug.Build.0 = Debug|Win32
		{B2A68D1B-3EB3-4B16-B634-8D36AC4266EC}.DLL ASM Release.ActiveCfg = Release|Win32
		{B2A68D1B-3EB3-4B16-B634-8D36AC4266EC}.DLL ASM Release.Build.0 = Release|Win32
		{B2A68D1B-3EB3-4B16-B634-8D36AC4266EC}.DLL Debug.ActiveCfg = Debug|Win32
		{B2A68D1B-3EB3-4B16-B634-8D36AC4266EC}.DLL Debug.Build.0 = Debug|Win32
		{B2A68D1B-3EB3-4B16-B634-8D36AC4266EC}.DLL Release.ActiveCfg = Release|Win32
		{B2A68D1B-3EB3-4B16-B634-8D36AC4266EC}.DLL Release.Build.0 = Release|Win32
		{B2A68D1B-3EB3-4B16-B634-8D36AC4266EC}.LIB ASM Debug.ActiveCfg = Debug|Win32
		{B2A68D1B-3EB3-4B16-B634-8D36AC4266EC}.LIB ASM Debug.Build.0 = Debug|Win32
		{B2A68D1B-3EB3-4B16-B634-8D36AC4266EC}.LIB ASM Release.ActiveCfg = Release|Win32
		{B2A68D1B-3EB3-4B16-B634-8D36AC4266EC}.LIB ASM Release.Build.0 = Release|Win32
		{B2A68D1B-3EB3-4B16-B634-8D36AC4266EC}.LIB Debug.ActiveCfg = Debug|Win32
		{B2A68D1B-3EB3-4B16-B634-8D36AC4266EC}.LIB Debug.Build.0 = Debug|Win32
		{B2A68D1B-3EB3-4B16-B634-8D36AC4266EC}.LIB Release.ActiveCfg = Release|Win32
		{B2A68D1B-3EB3-4B16-B634-8D36AC4266EC}.LIB Release.Build.0 = Release|Win32
		{B2A68D1B-3EB3-4B16-B634-8D36AC4266EC}.Release.ActiveCfg = Release|Win32
		{B2A68D1B-3EB3-4B16-B634-8D36AC4266EC}.Release.Build.0 = Release|Win32
		{A8989022-60C3-4B84-8768-8967DC4DE06E}.Debug.ActiveCfg = Debug|Win32
		{A8989022-60C3-4B84-8768-8967DC4DE06E}.Debug.Build.0 = Debug|Win32
		{A8989022-60C3-4B84-8768-8967DC4DE06E}.DLL ASM Debug.ActiveCfg = Debug|Win32
		{A8989022-60C3-4B84-8768-8967DC4DE06E}.DLL ASM Debug.Build.0 = Debug|Win32
		{A8989022-60C3-4B84-8768-8967DC4DE06E}.DLL ASM Release.ActiveCfg = Release|Win32
		{A8989022-60C3-4B84-8768-8967DC4DE06E}.DLL ASM Release.Build.0 = Release|Win32
		{A8989022-60C3-4B84-8768-8967DC4DE06E}.DLL Debug.ActiveCfg = Debug|Win32
		{A8989022-60C3-4B84-8768-8967DC4DE06E}.DLL Debug.Build.0 = Debug|Win32
		{A8989022-60C3-4B84-8768-8967DC4DE06E}.DLL Release.ActiveCfg = Release|Win32
		{A8989022-60C3-4B84-8768-8967DC4DE06E}.DLL Release.Build.0 = Release|Win32
		{A8989022-60C3-4B84-8768-8967DC4DE06E}.LIB ASM Debug.ActiveCfg = Debug|Win32
		{A8989022-60C3-4B84-8768-8967DC4DE06E}.LIB ASM Debug.Build.0 = Debug|Win32
		{A8989022-60C3-4B84-8768-8967DC4DE06E}.LIB ASM Release.ActiveCfg = Release|Win32
		{A8989022-60C3-4B84-8768-8967DC4DE06E}.LIB ASM Release.Build.0 = Release|Win32
		{A8989022-60C3-4B84-8768-8967DC4DE06E}.LIB Debug.ActiveCfg = Debug|Win32
		{A8989022-60C3-4B84-8768-8967DC4DE06E}.LIB Debug.Build.0 = Debug|Win32
		{A8989022-60C3-4B84-8768-8967DC4DE06E}.LIB Release.ActiveCfg = Release|Win32
		{A8989022-60C3-4B84-8768-8967DC4DE06E}.LIB Release.Build.0 = Release|Win32
		{A8989022-60C3-4B84-8768-8967DC4DE06E}.Release.ActiveCfg = Release|Win32
		{A8989022-60C3-4B84-8768-8967DC4DE06E}.Release.Build.0 = Release|Win32
		{B978BD69-4DF2-4CBB-8843-213EC20538EF}.Debug.ActiveCfg = Debug|Win32
		{B978BD69-4DF2-4CBB-8843-213EC20538EF}.Debug.Build.0 = Debug|Win32
		{B978BD69-4DF2-4CBB-8843-213EC20538EF}.DLL ASM Debug.ActiveCfg = Debug|Win32
		{B978BD69-4DF2-4CBB-8843-213EC20538EF}.DLL ASM Debug.Build.0 = Debug|Win32
		{B978BD69-4DF2-4CBB-8843-213EC20538EF}.DLL ASM Release.ActiveCfg = Debug|Win32
		{B978BD69-4DF2-4CBB-8843-213EC20538EF}.DLL ASM Release.Build.0 = Debug|Win32
		{B978BD69-4DF2-4CBB-8843-213EC20538EF}.DLL Debug.ActiveCfg = Debug|Win32
		{B978BD69-4DF2-4CBB-8843-213EC20538EF}.DLL Debug.Build.0 = Debug|Win32
		{B978BD69-4DF2-4CBB-8843-213EC20538EF}.DLL Release.ActiveCfg = Debug|Win32
		{B978BD69-4DF2-4CBB-8843-213EC20538EF}.DLL Release.Build.0 = Debug|Win32
		{B978BD69-4DF2-4CBB-8843-213EC20538EF}.LIB ASM Debug.ActiveCfg = Debug|Win32
		{B978BD69-4DF2-4CBB-8843-213EC20538EF}.LIB ASM Debug.Build.0 = Debug|Win32
		{B978BD69-4DF2-4CBB-8843-213EC20538EF}.LIB ASM Release.ActiveCfg = Debug|Win32
		{B978BD69-4DF2-4CBB-8843-213EC20538EF}.LIB ASM Release.Build.0 = Debug|Win32
		{B978BD69-4DF2-4CBB-8843-213EC20538EF}.LIB Debug.ActiveCfg = Debug|Win32
		{B978BD69-4DF2-4CBB-8843-213EC20538EF}.LIB Debug.Build.0 = Debug|Win32
		{B978BD69-4DF2-4CBB-8843-213EC20538EF}.LIB Release.ActiveCfg = Debug|Win32
		{B978BD69-4DF2-4CBB-8843-213EC20538EF}.LIB Release.Build.0 = Debug|Win32
		{B978BD69-4DF2-4CBB-8843-213EC20538EF}.Release.ActiveCfg = Unicode Release MinDependency|Win32
		{B978BD69-4DF2-4CBB-8843-213EC20538EF}.Release.Build.0 = Unicode Release MinDependency|Win32
		{4C31F79A-9DAB-44CE-88D6-0FF961599AAB}.Debug.ActiveCfg = Debug|Win32
		{4C31F79A-9DAB-44CE-88D6-0FF961599AAB}.Debug.Build.0 = Debug|Win32
		{4C31F79A-9DAB-44CE-88D6-0FF961599AAB}.DLL ASM Debug.ActiveCfg = Debug|Win32
		{4C31F79A-9DAB-44CE-88D6-0FF961599AAB}.DLL ASM Debug.Build.0 = Debug|Win32
		{4C31F79A-9DAB-44CE-88D6-0FF961599AAB}.DLL ASM Release.ActiveCfg = Release|Win32
		{4C31F79A-9DAB-44CE-88D6-0FF961599AAB}.DLL ASM Release.Build.0 = Release|Win32
		{4C31F79A-9DAB-44CE-88D6-0FF961599AAB}.DLL Debug.ActiveCfg = Debug|Win32
		{4C31F79A-9DAB-44CE-88D6-0FF961599AAB}.DLL Debug.Build.0 = Debug|Win32
		{4C31F79A-9DAB-44CE-88D6-0FF961599AAB}.DLL Release.ActiveCfg = Release|Win32
		{4C31F79A-9DAB-44CE-88D6-0FF961599AAB}.DLL Release.Build.0 = Release|Win32
		{4C31F79A-9DAB-44CE-88D6-0FF961599AAB}.LIB ASM Debug.ActiveCfg = Debug|Win32
		{4C31F79A-9DAB-44CE-88D6-0FF961599AAB}.LIB ASM Debug.Build.0 = Debug|Win32
		{4C31F79A-9DAB-44CE-88D6-0FF961599AAB}.LIB ASM Release.ActiveCfg = Release|Win32
		{4C31F79A-9DAB-44CE-88D6-0FF961599AAB}.LIB ASM Release.Build.0 = Release|Win32
		{4C31F79A-9DAB-44CE-88D6-0FF961599AAB}.LIB Debug.ActiveCfg = Debug|Win32
		{4C31F79A-9DAB-44CE-88D6-0FF961599AAB}.LIB Debug.Build.0 = Debug|Win32
		{4C31F79A-9DAB-44CE-88D6-0FF961599AAB}.LIB Release.ActiveCfg = Release|Win32
		{4C31F79A-9DAB-44CE-88D6-0FF961599AAB}.LIB Release.Build.0 = Release|Win32
		{4C31F79A-9DAB-44CE-88D6-0FF961599AAB}.Release.ActiveCfg = Release|Win32
		{4C31F79A-9DAB-44CE-88D6-0FF961599AAB}.Release.Build.0 = Release|Win32
		{76424734-BC12-4472-ABE2-B5C7A4A0B733}.Debug.ActiveCfg = Debug|Win32
		{76424734-BC12-4472-ABE2-B5C7A4A0B733}.DLL ASM Debug.ActiveCfg = Debug|Win32
		{76424734-BC12-4472-ABE2-B5C7A4A0B733}.DLL ASM Debug.Build.0 = Debug|Win32
		{76424734-BC12-4472-ABE2-B5C7A4A0B733}.DLL ASM Release.ActiveCfg = Release|Win32
		{76424734-BC12-4472-ABE2-B5C7A4A0B733}.DLL ASM Release.Build.0 = Release|Win32
		{76424734-BC12-4472-ABE2-B5C7A4A0B733}.DLL Debug.ActiveCfg = Debug|Win32
		{76424734-BC12-4472-ABE2-B5C7A4A0B733}.DLL Debug.Build.0 = Debug|Win32
		{76424734-BC12-4472-ABE2-B5C7A4A0B733}.DLL Release.ActiveCfg = Release|Win32
		{76424734-BC12-4472-ABE2-B5C7A4A0B733}.DLL Release.Build.0 = Release|Win32
		{76424734-BC12-4472-ABE2-B5C7A4A0B733}.LIB ASM Debug.ActiveCfg = Debug|Win32
		{76424734-BC12-4472-ABE2-B5C7A4A0B733}.LIB ASM Debug.Build.0 = Debug|Win32
		{76424734-BC12-4472-ABE2-B5C7A4A0B733}.LIB ASM Release.ActiveCfg = Release|Win32
		{76424734-BC12-4472-ABE2-B5C7A4A0B733}.LIB ASM Release.Build.0 = Release|Win32
		{76424734-BC12-4472-ABE2-B5C7A4A0B733}.LIB Debug.ActiveCfg = Debug|Win32
		{76424734-BC12-4472-ABE2-B5C7A4A0B733}.LIB Debug.Build.0 = Debug|Win32
		{76424734-BC12-4472-ABE2-B5C7A4A0B733}.LIB Release.ActiveCfg = Release|Win32
		{76424734-BC12-4472-ABE2-B5C7A4A0B733}.LIB Release.Build.0 = Release|Win32
		{76424734-BC12-4472-ABE2-B5C7A4A0B733}.Release.ActiveCfg = Release|Win32
		{76424734-BC12-4472-ABE2-B5C7A4A0B733}.Release.Build.0 = Release|Win32
		{2F353408-2C6C-4D31-9AC0-08BDC064DF64}.Debug.ActiveCfg = Debug|Win32
		{2F353408-2C6C-4D31-9AC0-08BDC064DF64}.Debug.Build.0 = Debug|Win32
		{2F353408-2C6C-4D31-9AC0-08BDC064DF64}.DLL ASM Debug.ActiveCfg = Debug|Win32
		{2F353408-2C6C-4D31-9AC0-08BDC064DF64}.DLL ASM Debug.Build.0 = Debug|Win32
		{2F353408-2C6C-4D31-9AC0-08BDC064DF64}.DLL ASM Release.ActiveCfg = Release|Win32
		{2F353408-2C6C-4D31-9AC0-08BDC064DF64}.DLL ASM Release.Build.0 = Release|Win32
		{2F353408-2C6C-4D31-9AC0-08BDC064DF64}.DLL Debug.ActiveCfg = Debug|Win32
		{2F353408-2C6C-4D31-9AC0-08BDC064DF64}.DLL Debug.Build.0 = Debug|Win32
		{2F353408-2C6C-4D31-9AC0-08BDC064DF64}.DLL Release.ActiveCfg = Release|Win32
		{2F353408-2C6C-4D31-9AC0-08BDC064DF64}.DLL Release.Build.0 = Release|Win32
		{2F353408-2C6C-4D31-9AC0-08BDC064DF64}.LIB ASM Debug.ActiveCfg = Debug|Win32
		{2F353408-2C6C-4D31-9AC0-08BDC064DF64}.LIB ASM Debug.Build.0 = Debug|Win32
		{2F353408-2C6C-4D31-9AC0-08BDC064DF64}.LIB ASM Release.ActiveCfg = Release|Win32
		{2F353408-2C6C-4D31-9AC0-08BDC064DF64}.LIB ASM Release.Build.0 = Release|Win32
		{2F353408-2C6C-4D31-9AC0-08BDC064DF64}.LIB Debug.ActiveCfg = Debug|Win32
		{2F353408-2C6C-4D31-9AC0-08BDC064DF64}.LIB Debug.Build.0 = Debug|Win32
		{2F353408-2C6C-4D31-9AC0-08BDC064DF64}.LIB Release.ActiveCfg = Release|Win32
		{2F353408-2C6C-4D31-9AC0-08BDC064DF64}.LIB Release.Build.0 = Release|Win32
		{2F353408-2C6C-4D31-9AC0-08BDC064DF64}.Release.ActiveCfg = Release|Win32
		{2F353408-2C6C-4D31-9AC0-08BDC064DF64}.Release.Build.0 = Release|Win32
		{4BA8B7A2-D4AD-444A-8695-273FB7D500D1}.Debug.ActiveCfg = DLL Release|Win32
		{4BA8B7A2-D4AD-444A-8695-273FB7D500D1}.Debug.Build.0 = DLL Release|Win32
		{4BA8B7A2-D4AD-444A-8695-273FB7D500D1}.DLL ASM Debug.ActiveCfg = DLL ASM Debug|Win32
		{4BA8B7A2-D4AD-444A-8695-273FB7D500D1}.DLL ASM Debug.Build.0 = DLL ASM Debug|Win32
		{4BA8B7A2-D4AD-444A-8695-273FB7D500D1}.DLL ASM Release.ActiveCfg = DLL ASM Release|Win32
		{4BA8B7A2-D4AD-444A-8695-273FB7D500D1}.DLL ASM Release.Build.0 = DLL ASM Release|Win32
		{4BA8B7A2-D4AD-444A-8695-273FB7D500D1}.DLL Debug.ActiveCfg = DLL Debug|Win32
		{4BA8B7A2-D4AD-444A-8695-273FB7D500D1}.DLL Debug.Build.0 = DLL Debug|Win32
		{4BA8B7A2-D4AD-444A-8695-273FB7D500D1}.DLL Release.ActiveCfg = DLL Release|Win32
		{4BA8B7A2-D4AD-444A-8695-273FB7D500D1}.DLL Release.Build.0 = DLL Release|Win32
		{4BA8B7A2-D4AD-444A-8695-273FB7D500D1}.LIB ASM Debug.ActiveCfg = LIB ASM Debug|Win32
		{4BA8B7A2-D4AD-444A-8695-273FB7D500D1}.LIB ASM Debug.Build.0 = LIB ASM Debug|Win32
		{4BA8B7A2-D4AD-444A-8695-273FB7D500D1}.LIB ASM Release.ActiveCfg = LIB ASM Release|Win32
		{4BA8B7A2-D4AD-444A-8695-273FB7D500D1}.LIB ASM Release.Build.0 = LIB ASM Release|Win32
		{4BA8B7A2-D4AD-444A-8695-273FB7D500D1}.LIB Debug.ActiveCfg = LIB Debug|Win32
		{4BA8B7A2-D4AD-444A-8695-273FB7D500D1}.LIB Debug.Build.0 = LIB Debug|Win32
		{4BA8B7A2-D4AD-444A-8695-273FB7D500D1}.LIB Release.ActiveCfg = LIB Release|Win32
		{4BA8B7A2-D4AD-444A-8695-273FB7D500D1}.LIB Release.Build.0 = LIB Release|Win32
		{4BA8B7A2-D4AD-444A-8695-273FB7D500D1}.Release.ActiveCfg = DLL Release|Win32
		{4BA8B7A2-D4AD-444A-8695-273FB7D500D1}.Release.Build.0 = DLL Release|Win32
	EndGlobalSection
	GlobalSection(ExtensibilityGlobals) = postSolution
	EndGlobalSection
	GlobalSection(ExtensibilityAddIns) = postSolution
	EndGlobalSection
EndGlobal
